
Microsoft Visual Studio Solution File, Format Version 12.00
# Visual Studio Version 16
VisualStudioVersion = 16.0.31105.61
MinimumVisualStudioVersion = 10.0.40219.1
Project("{FAE04EC0-301F-11D3-BF4B-00C04F79EFBC}") = "labwork_4_9", "labwork_4_9.csproj", "{8FC7E83A-1D80-49AB-A0B8-A5AD4B0C90E7}"
EndProject
Global
	GlobalSection(SolutionConfigurationPlatforms) = preSolution
		Debug|Any CPU = Debug|Any CPU
		Release|Any CPU = Release|Any CPU
	EndGlobalSection
	GlobalSection(ProjectConfigurationPlatforms) = postSolution
		{8FC7E83A-1D80-49AB-A0B8-A5AD4B0C90E7}.Debug|Any CPU.ActiveCfg = Debug|Any CPU
		{8FC7E83A-1D80-49AB-A0B8-A5AD4B0C90E7}.Debug|Any CPU.Build.0 = Debug|Any CPU
		{8FC7E83A-1D80-49AB-A0B8-A5AD4B0C90E7}.Release|Any CPU.ActiveCfg = Release|Any CPU
		{8FC7E83A-1D80-49AB-A0B8-A5AD4B0C90E7}.Release|Any CPU.Build.0 = Release|Any CPU
	EndGlobalSection
	GlobalSection(SolutionProperties) = preSolution
		HideSolutionNode = FALSE
	EndGlobalSection
	GlobalSection(ExtensibilityGlobals) = postSolution
		SolutionGuid = {785D183F-8710-40E3-AC14-C338A53A1236}
	EndGlobalSection
EndGlobal
