
Microsoft Visual Studio Solution File, Format Version 12.00
# Visual Studio Version 16
VisualStudioVersion = 16.0.31105.61
MinimumVisualStudioVersion = 10.0.40219.1
Project("{FAE04EC0-301F-11D3-BF4B-00C04F79EFBC}") = "labwork_4_8", "labwork_4_8.csproj", "{7F9DB76E-B539-4A8E-9DD5-720CAD4677EB}"
EndProject
Global
	GlobalSection(SolutionConfigurationPlatforms) = preSolution
		Debug|Any CPU = Debug|Any CPU
		Release|Any CPU = Release|Any CPU
	EndGlobalSection
	GlobalSection(ProjectConfigurationPlatforms) = postSolution
		{7F9DB76E-B539-4A8E-9DD5-720CAD4677EB}.Debug|Any CPU.ActiveCfg = Debug|Any CPU
		{7F9DB76E-B539-4A8E-9DD5-720CAD4677EB}.Debug|Any CPU.Build.0 = Debug|Any CPU
		{7F9DB76E-B539-4A8E-9DD5-720CAD4677EB}.Release|Any CPU.ActiveCfg = Release|Any CPU
		{7F9DB76E-B539-4A8E-9DD5-720CAD4677EB}.Release|Any CPU.Build.0 = Release|Any CPU
	EndGlobalSection
	GlobalSection(SolutionProperties) = preSolution
		HideSolutionNode = FALSE
	EndGlobalSection
	GlobalSection(ExtensibilityGlobals) = postSolution
		SolutionGuid = {36EC34FD-1A25-4E55-B2CF-2D6F96863934}
	EndGlobalSection
EndGlobal
