
Microsoft Visual Studio Solution File, Format Version 12.00
# Visual Studio Version 16
VisualStudioVersion = 16.0.31105.61
MinimumVisualStudioVersion = 10.0.40219.1
Project("{FAE04EC0-301F-11D3-BF4B-00C04F79EFBC}") = "labwork_4_2", "labwork_4_2.csproj", "{0F1972F9-8788-4FA8-AB46-3A07F28A9064}"
EndProject
Global
	GlobalSection(SolutionConfigurationPlatforms) = preSolution
		Debug|Any CPU = Debug|Any CPU
		Release|Any CPU = Release|Any CPU
	EndGlobalSection
	GlobalSection(ProjectConfigurationPlatforms) = postSolution
		{0F1972F9-8788-4FA8-AB46-3A07F28A9064}.Debug|Any CPU.ActiveCfg = Debug|Any CPU
		{0F1972F9-8788-4FA8-AB46-3A07F28A9064}.Debug|Any CPU.Build.0 = Debug|Any CPU
		{0F1972F9-8788-4FA8-AB46-3A07F28A9064}.Release|Any CPU.ActiveCfg = Release|Any CPU
		{0F1972F9-8788-4FA8-AB46-3A07F28A9064}.Release|Any CPU.Build.0 = Release|Any CPU
	EndGlobalSection
	GlobalSection(SolutionProperties) = preSolution
		HideSolutionNode = FALSE
	EndGlobalSection
	GlobalSection(ExtensibilityGlobals) = postSolution
		SolutionGuid = {63B8B4E6-FD5D-40CD-8DAC-ABC2260E0CF9}
	EndGlobalSection
EndGlobal
